
Microsoft Visual Studio Solution File, Format Version 12.00
# Visual Studio Version 16
VisualStudioVersion = 16.0.31112.23
MinimumVisualStudioVersion = 10.0.40219.1
Project("{FAE04EC0-301F-11D3-BF4B-00C04F79EFBC}") = "MoviesAPI", "MoviesAPI\MoviesAPI.csproj", "{053D3A08-C236-4842-B344-299028221C22}"
EndProject
Global
	GlobalSection(SolutionConfigurationPlatforms) = preSolution
		Debug|Any CPU = Debug|Any CPU
		Release|Any CPU = Release|Any CPU
	EndGlobalSection
	GlobalSection(ProjectConfigurationPlatforms) = postSolution
		{053D3A08-C236-4842-B344-299028221C22}.Debug|Any CPU.ActiveCfg = Debug|Any CPU
		{053D3A08-C236-4842-B344-299028221C22}.Debug|Any CPU.Build.0 = Debug|Any CPU
		{053D3A08-C236-4842-B344-299028221C22}.Release|Any CPU.ActiveCfg = Release|Any CPU
		{053D3A08-C236-4842-B344-299028221C22}.Release|Any CPU.Build.0 = Release|Any CPU
	EndGlobalSection
	GlobalSection(SolutionProperties) = preSolution
		HideSolutionNode = FALSE
	EndGlobalSection
	GlobalSection(ExtensibilityGlobals) = postSolution
		SolutionGuid = {65119F00-3D13-42FE-8DD4-80AC7C330CF7}
	EndGlobalSection
EndGlobal
